
Microsoft Visual Studio Solution File, Format Version 12.00
# Visual Studio Version 17
VisualStudioVersion = 17.4.33205.214
MinimumVisualStudioVersion = 10.0.40219.1
Project("{FAE04EC0-301F-11D3-BF4B-00C04F79EFBC}") = "Catalog Online", "Catalog Online.csproj", "{FF96C55D-99AB-4220-9B27-96AF35562818}"
EndProject
Global
	GlobalSection(SolutionConfigurationPlatforms) = preSolution
		Debug|Any CPU = Debug|Any CPU
		Release|Any CPU = Release|Any CPU
	EndGlobalSection
	GlobalSection(ProjectConfigurationPlatforms) = postSolution
		{FF96C55D-99AB-4220-9B27-96AF35562818}.Debug|Any CPU.ActiveCfg = Debug|Any CPU
		{FF96C55D-99AB-4220-9B27-96AF35562818}.Debug|Any CPU.Build.0 = Debug|Any CPU
		{FF96C55D-99AB-4220-9B27-96AF35562818}.Release|Any CPU.ActiveCfg = Release|Any CPU
		{FF96C55D-99AB-4220-9B27-96AF35562818}.Release|Any CPU.Build.0 = Release|Any CPU
	EndGlobalSection
	GlobalSection(SolutionProperties) = preSolution
		HideSolutionNode = FALSE
	EndGlobalSection
	GlobalSection(ExtensibilityGlobals) = postSolution
		SolutionGuid = {E2EFD2D8-8700-43A0-B99C-B65C30686FCD}
	EndGlobalSection
EndGlobal
